
Microsoft Visual Studio Solution File, Format Version 11.00
# Visual Studio 2010
Project("{E24C65DC-7377-472B-9ABA-BC803B73C61A}") = "新闻发布系统", ".", "{3A2119D8-55FA-4707-B136-8E1104379447}"
	ProjectSection(WebsiteProperties) = preProject
		TargetFrameworkMoniker = ".NETFramework,Version%3Dv3.5"
		Debug.AspNetCompiler.VirtualPath = "/新闻发布系统"
		Debug.AspNetCompiler.PhysicalPath = "..\新闻发布系统\"
		Debug.AspNetCompiler.TargetPath = "PrecompiledWeb\新闻发布系统\"
		Debug.AspNetCompiler.Updateable = "true"
		Debug.AspNetCompiler.ForceOverwrite = "true"
		Debug.AspNetCompiler.FixedNames = "false"
		Debug.AspNetCompiler.Debug = "True"
		Release.AspNetCompiler.VirtualPath = "/新闻发布系统"
		Release.AspNetCompiler.PhysicalPath = "..\新闻发布系统\"
		Release.AspNetCompiler.TargetPath = "PrecompiledWeb\新闻发布系统\"
		Release.AspNetCompiler.Updateable = "true"
		Release.AspNetCompiler.ForceOverwrite = "true"
		Release.AspNetCompiler.FixedNames = "false"
		Release.AspNetCompiler.Debug = "False"
		VWDPort = "9766"
	EndProjectSection
EndProject
Global
	GlobalSection(SolutionConfigurationPlatforms) = preSolution
		Debug|Any CPU = Debug|Any CPU
	EndGlobalSection
	GlobalSection(ProjectConfigurationPlatforms) = postSolution
		{3A2119D8-55FA-4707-B136-8E1104379447}.Debug|Any CPU.ActiveCfg = Debug|Any CPU
		{3A2119D8-55FA-4707-B136-8E1104379447}.Debug|Any CPU.Build.0 = Debug|Any CPU
	EndGlobalSection
	GlobalSection(SolutionProperties) = preSolution
		HideSolutionNode = FALSE
	EndGlobalSection
EndGlobal
